
Microsoft Visual Studio Solution File, Format Version 12.00
# Visual Studio Version 17
VisualStudioVersion = 17.0.31912.275
MinimumVisualStudioVersion = 10.0.40219.1
Project("{9A19103F-16F7-4668-BE54-9A1E7A4F7556}") = "Day01", "Day01\Day01.csproj", "{AB30714F-3DA2-4610-976C-3D0C96133ECD}"
EndProject
Project("{9A19103F-16F7-4668-BE54-9A1E7A4F7556}") = "Day02", "Day02\Day02.csproj", "{169ED175-4C34-4531-822C-A71663899C4D}"
EndProject
Project("{FAE04EC0-301F-11D3-BF4B-00C04F79EFBC}") = "Day03", "Day03\Day03.csproj", "{1E96DA21-B5A0-4B66-9D9F-00025B712A75}"
EndProject
Project("{FAE04EC0-301F-11D3-BF4B-00C04F79EFBC}") = "Day04", "Day04\Day04.csproj", "{240438C8-1D30-435E-9B8E-7976172931CF}"
EndProject
Project("{FAE04EC0-301F-11D3-BF4B-00C04F79EFBC}") = "Day05", "Day05\Day05.csproj", "{702C5385-604A-49EE-8447-C5E43A9267E2}"
EndProject
Global
	GlobalSection(SolutionConfigurationPlatforms) = preSolution
		Debug|Any CPU = Debug|Any CPU
		Release|Any CPU = Release|Any CPU
	EndGlobalSection
	GlobalSection(ProjectConfigurationPlatforms) = postSolution
		{AB30714F-3DA2-4610-976C-3D0C96133ECD}.Debug|Any CPU.ActiveCfg = Debug|Any CPU
		{AB30714F-3DA2-4610-976C-3D0C96133ECD}.Debug|Any CPU.Build.0 = Debug|Any CPU
		{AB30714F-3DA2-4610-976C-3D0C96133ECD}.Release|Any CPU.ActiveCfg = Release|Any CPU
		{AB30714F-3DA2-4610-976C-3D0C96133ECD}.Release|Any CPU.Build.0 = Release|Any CPU
		{169ED175-4C34-4531-822C-A71663899C4D}.Debug|Any CPU.ActiveCfg = Debug|Any CPU
		{169ED175-4C34-4531-822C-A71663899C4D}.Debug|Any CPU.Build.0 = Debug|Any CPU
		{169ED175-4C34-4531-822C-A71663899C4D}.Release|Any CPU.ActiveCfg = Release|Any CPU
		{169ED175-4C34-4531-822C-A71663899C4D}.Release|Any CPU.Build.0 = Release|Any CPU
		{1E96DA21-B5A0-4B66-9D9F-00025B712A75}.Debug|Any CPU.ActiveCfg = Debug|Any CPU
		{1E96DA21-B5A0-4B66-9D9F-00025B712A75}.Debug|Any CPU.Build.0 = Debug|Any CPU
		{1E96DA21-B5A0-4B66-9D9F-00025B712A75}.Release|Any CPU.ActiveCfg = Release|Any CPU
		{1E96DA21-B5A0-4B66-9D9F-00025B712A75}.Release|Any CPU.Build.0 = Release|Any CPU
		{240438C8-1D30-435E-9B8E-7976172931CF}.Debug|Any CPU.ActiveCfg = Debug|Any CPU
		{240438C8-1D30-435E-9B8E-7976172931CF}.Debug|Any CPU.Build.0 = Debug|Any CPU
		{240438C8-1D30-435E-9B8E-7976172931CF}.Release|Any CPU.ActiveCfg = Release|Any CPU
		{240438C8-1D30-435E-9B8E-7976172931CF}.Release|Any CPU.Build.0 = Release|Any CPU
		{702C5385-604A-49EE-8447-C5E43A9267E2}.Debug|Any CPU.ActiveCfg = Debug|Any CPU
		{702C5385-604A-49EE-8447-C5E43A9267E2}.Debug|Any CPU.Build.0 = Debug|Any CPU
		{702C5385-604A-49EE-8447-C5E43A9267E2}.Release|Any CPU.ActiveCfg = Release|Any CPU
		{702C5385-604A-49EE-8447-C5E43A9267E2}.Release|Any CPU.Build.0 = Release|Any CPU
	EndGlobalSection
	GlobalSection(SolutionProperties) = preSolution
		HideSolutionNode = FALSE
	EndGlobalSection
	GlobalSection(ExtensibilityGlobals) = postSolution
		SolutionGuid = {46B6FDAE-E145-4B0E-A537-EC3072FEE73C}
	EndGlobalSection
EndGlobal
